
Microsoft Visual Studio Solution File, Format Version 12.00
# Visual Studio Version 16
VisualStudioVersion = 16.0.31624.102
MinimumVisualStudioVersion = 10.0.40219.1
Project("{FAE04EC0-301F-11D3-BF4B-00C04F79EFBC}") = "Task04", "Task04\Task04.csproj", "{56A1654E-2A2F-45F3-95B2-6777A0132B51}"
EndProject
Global
	GlobalSection(SolutionConfigurationPlatforms) = preSolution
		Debug|Any CPU = Debug|Any CPU
		Release|Any CPU = Release|Any CPU
	EndGlobalSection
	GlobalSection(ProjectConfigurationPlatforms) = postSolution
		{56A1654E-2A2F-45F3-95B2-6777A0132B51}.Debug|Any CPU.ActiveCfg = Debug|Any CPU
		{56A1654E-2A2F-45F3-95B2-6777A0132B51}.Debug|Any CPU.Build.0 = Debug|Any CPU
		{56A1654E-2A2F-45F3-95B2-6777A0132B51}.Release|Any CPU.ActiveCfg = Release|Any CPU
		{56A1654E-2A2F-45F3-95B2-6777A0132B51}.Release|Any CPU.Build.0 = Release|Any CPU
	EndGlobalSection
	GlobalSection(SolutionProperties) = preSolution
		HideSolutionNode = FALSE
	EndGlobalSection
	GlobalSection(ExtensibilityGlobals) = postSolution
		SolutionGuid = {6E519F51-9527-4CE1-91F0-F13165B04E7B}
	EndGlobalSection
EndGlobal
