
Microsoft Visual Studio Solution File, Format Version 12.00
# Visual Studio Version 16
VisualStudioVersion = 16.0.31624.102
MinimumVisualStudioVersion = 10.0.40219.1
Project("{FAE04EC0-301F-11D3-BF4B-00C04F79EFBC}") = "CW_6", "CW_6\CW_6.csproj", "{07260506-8608-4210-ADD0-F147542A8012}"
EndProject
Global
	GlobalSection(SolutionConfigurationPlatforms) = preSolution
		Debug|Any CPU = Debug|Any CPU
		Release|Any CPU = Release|Any CPU
	EndGlobalSection
	GlobalSection(ProjectConfigurationPlatforms) = postSolution
		{07260506-8608-4210-ADD0-F147542A8012}.Debug|Any CPU.ActiveCfg = Debug|Any CPU
		{07260506-8608-4210-ADD0-F147542A8012}.Debug|Any CPU.Build.0 = Debug|Any CPU
		{07260506-8608-4210-ADD0-F147542A8012}.Release|Any CPU.ActiveCfg = Release|Any CPU
		{07260506-8608-4210-ADD0-F147542A8012}.Release|Any CPU.Build.0 = Release|Any CPU
	EndGlobalSection
	GlobalSection(SolutionProperties) = preSolution
		HideSolutionNode = FALSE
	EndGlobalSection
	GlobalSection(ExtensibilityGlobals) = postSolution
		SolutionGuid = {FBE6EE1B-7A4B-470E-AC31-F5F9B45131BB}
	EndGlobalSection
EndGlobal
