
Microsoft Visual Studio Solution File, Format Version 12.00
# Visual Studio Version 16
VisualStudioVersion = 16.0.31624.102
MinimumVisualStudioVersion = 10.0.40219.1
Project("{FAE04EC0-301F-11D3-BF4B-00C04F79EFBC}") = "startsev2000", "startsev2000\startsev2000.csproj", "{753AC20F-F0C4-45F5-BC8F-98A777F65B8A}"
EndProject
Global
	GlobalSection(SolutionConfigurationPlatforms) = preSolution
		Debug|Any CPU = Debug|Any CPU
		Release|Any CPU = Release|Any CPU
	EndGlobalSection
	GlobalSection(ProjectConfigurationPlatforms) = postSolution
		{753AC20F-F0C4-45F5-BC8F-98A777F65B8A}.Debug|Any CPU.ActiveCfg = Debug|Any CPU
		{753AC20F-F0C4-45F5-BC8F-98A777F65B8A}.Debug|Any CPU.Build.0 = Debug|Any CPU
		{753AC20F-F0C4-45F5-BC8F-98A777F65B8A}.Release|Any CPU.ActiveCfg = Release|Any CPU
		{753AC20F-F0C4-45F5-BC8F-98A777F65B8A}.Release|Any CPU.Build.0 = Release|Any CPU
	EndGlobalSection
	GlobalSection(SolutionProperties) = preSolution
		HideSolutionNode = FALSE
	EndGlobalSection
	GlobalSection(ExtensibilityGlobals) = postSolution
		SolutionGuid = {76F62C59-8BB0-4204-B512-E172D93F388B}
	EndGlobalSection
EndGlobal
