
Microsoft Visual Studio Solution File, Format Version 12.00
# Visual Studio Version 16
VisualStudioVersion = 16.0.31624.102
MinimumVisualStudioVersion = 10.0.40219.1
Project("{FAE04EC0-301F-11D3-BF4B-00C04F79EFBC}") = "CW_9", "CW_9\CW_9.csproj", "{69BAECF0-491F-4166-8D49-188335A77731}"
EndProject
Global
	GlobalSection(SolutionConfigurationPlatforms) = preSolution
		Debug|Any CPU = Debug|Any CPU
		Release|Any CPU = Release|Any CPU
	EndGlobalSection
	GlobalSection(ProjectConfigurationPlatforms) = postSolution
		{69BAECF0-491F-4166-8D49-188335A77731}.Debug|Any CPU.ActiveCfg = Debug|Any CPU
		{69BAECF0-491F-4166-8D49-188335A77731}.Debug|Any CPU.Build.0 = Debug|Any CPU
		{69BAECF0-491F-4166-8D49-188335A77731}.Release|Any CPU.ActiveCfg = Release|Any CPU
		{69BAECF0-491F-4166-8D49-188335A77731}.Release|Any CPU.Build.0 = Release|Any CPU
	EndGlobalSection
	GlobalSection(SolutionProperties) = preSolution
		HideSolutionNode = FALSE
	EndGlobalSection
	GlobalSection(ExtensibilityGlobals) = postSolution
		SolutionGuid = {A9110404-E76B-4401-A469-DCBBB87D3692}
	EndGlobalSection
EndGlobal
