
Microsoft Visual Studio Solution File, Format Version 12.00
# Visual Studio Version 16
VisualStudioVersion = 16.0.31624.102
MinimumVisualStudioVersion = 10.0.40219.1
Project("{FAE04EC0-301F-11D3-BF4B-00C04F79EFBC}") = "Task02", "Task02\Task02.csproj", "{4CC71B66-DF1B-48C4-8596-BB3B8D5582E2}"
EndProject
Global
	GlobalSection(SolutionConfigurationPlatforms) = preSolution
		Debug|Any CPU = Debug|Any CPU
		Release|Any CPU = Release|Any CPU
	EndGlobalSection
	GlobalSection(ProjectConfigurationPlatforms) = postSolution
		{4CC71B66-DF1B-48C4-8596-BB3B8D5582E2}.Debug|Any CPU.ActiveCfg = Debug|Any CPU
		{4CC71B66-DF1B-48C4-8596-BB3B8D5582E2}.Debug|Any CPU.Build.0 = Debug|Any CPU
		{4CC71B66-DF1B-48C4-8596-BB3B8D5582E2}.Release|Any CPU.ActiveCfg = Release|Any CPU
		{4CC71B66-DF1B-48C4-8596-BB3B8D5582E2}.Release|Any CPU.Build.0 = Release|Any CPU
	EndGlobalSection
	GlobalSection(SolutionProperties) = preSolution
		HideSolutionNode = FALSE
	EndGlobalSection
	GlobalSection(ExtensibilityGlobals) = postSolution
		SolutionGuid = {4B7EC8A8-FB82-42BF-8214-72C3B82201AC}
	EndGlobalSection
EndGlobal
