
Microsoft Visual Studio Solution File, Format Version 12.00
# Visual Studio Version 16
VisualStudioVersion = 16.0.31624.102
MinimumVisualStudioVersion = 10.0.40219.1
Project("{FAE04EC0-301F-11D3-BF4B-00C04F79EFBC}") = "ASCIIDecoder", "ASCIIDecoder\ASCIIDecoder.csproj", "{001B76CB-AD4E-4357-9D28-A7BAB46C4B4D}"
EndProject
Global
	GlobalSection(SolutionConfigurationPlatforms) = preSolution
		Debug|Any CPU = Debug|Any CPU
		Release|Any CPU = Release|Any CPU
	EndGlobalSection
	GlobalSection(ProjectConfigurationPlatforms) = postSolution
		{001B76CB-AD4E-4357-9D28-A7BAB46C4B4D}.Debug|Any CPU.ActiveCfg = Debug|Any CPU
		{001B76CB-AD4E-4357-9D28-A7BAB46C4B4D}.Debug|Any CPU.Build.0 = Debug|Any CPU
		{001B76CB-AD4E-4357-9D28-A7BAB46C4B4D}.Release|Any CPU.ActiveCfg = Release|Any CPU
		{001B76CB-AD4E-4357-9D28-A7BAB46C4B4D}.Release|Any CPU.Build.0 = Release|Any CPU
	EndGlobalSection
	GlobalSection(SolutionProperties) = preSolution
		HideSolutionNode = FALSE
	EndGlobalSection
	GlobalSection(ExtensibilityGlobals) = postSolution
		SolutionGuid = {EFC48349-2542-4E72-99DA-44BD9239FBD8}
	EndGlobalSection
EndGlobal
