
Microsoft Visual Studio Solution File, Format Version 12.00
# Visual Studio Version 16
VisualStudioVersion = 16.0.31624.102
MinimumVisualStudioVersion = 10.0.40219.1
Project("{FAE04EC0-301F-11D3-BF4B-00C04F79EFBC}") = "CW_4", "CW_4\CW_4.csproj", "{95BA812C-9A88-490F-9075-F96B83CEF57D}"
EndProject
Global
	GlobalSection(SolutionConfigurationPlatforms) = preSolution
		Debug|Any CPU = Debug|Any CPU
		Release|Any CPU = Release|Any CPU
	EndGlobalSection
	GlobalSection(ProjectConfigurationPlatforms) = postSolution
		{95BA812C-9A88-490F-9075-F96B83CEF57D}.Debug|Any CPU.ActiveCfg = Debug|Any CPU
		{95BA812C-9A88-490F-9075-F96B83CEF57D}.Debug|Any CPU.Build.0 = Debug|Any CPU
		{95BA812C-9A88-490F-9075-F96B83CEF57D}.Release|Any CPU.ActiveCfg = Release|Any CPU
		{95BA812C-9A88-490F-9075-F96B83CEF57D}.Release|Any CPU.Build.0 = Release|Any CPU
	EndGlobalSection
	GlobalSection(SolutionProperties) = preSolution
		HideSolutionNode = FALSE
	EndGlobalSection
	GlobalSection(ExtensibilityGlobals) = postSolution
		SolutionGuid = {FE854C5B-9443-409E-AFBE-BB36797C91A2}
	EndGlobalSection
EndGlobal
